
Microsoft Visual Studio Solution File, Format Version 12.00
# Visual Studio Version 16
VisualStudioVersion = 16.0.33328.57
MinimumVisualStudioVersion = 10.0.40219.1
Project("{FAE04EC0-301F-11D3-BF4B-00C04F79EFBC}") = "ApiToyLand", "ApiToyLand\ApiToyLand.csproj", "{0E825A27-A1E4-4D93-9F42-D2A10884172D}"
EndProject
Project("{FAE04EC0-301F-11D3-BF4B-00C04F79EFBC}") = "LibraryToyLand", "LibraryToyLand\LibraryToyLand.csproj", "{31DD5433-7E35-4740-81E8-793DB39C882B}"
EndProject
Project("{FAE04EC0-301F-11D3-BF4B-00C04F79EFBC}") = "DatabaseToyLand", "ConsoleToyLand\DatabaseToyLand.csproj", "{AED945C9-92DA-4517-A43F-284115C67C20}"
EndProject
Global
	GlobalSection(SolutionConfigurationPlatforms) = preSolution
		Debug|Any CPU = Debug|Any CPU
		Release|Any CPU = Release|Any CPU
	EndGlobalSection
	GlobalSection(ProjectConfigurationPlatforms) = postSolution
		{0E825A27-A1E4-4D93-9F42-D2A10884172D}.Debug|Any CPU.ActiveCfg = Debug|Any CPU
		{0E825A27-A1E4-4D93-9F42-D2A10884172D}.Debug|Any CPU.Build.0 = Debug|Any CPU
		{0E825A27-A1E4-4D93-9F42-D2A10884172D}.Release|Any CPU.ActiveCfg = Release|Any CPU
		{0E825A27-A1E4-4D93-9F42-D2A10884172D}.Release|Any CPU.Build.0 = Release|Any CPU
		{31DD5433-7E35-4740-81E8-793DB39C882B}.Debug|Any CPU.ActiveCfg = Debug|Any CPU
		{31DD5433-7E35-4740-81E8-793DB39C882B}.Debug|Any CPU.Build.0 = Debug|Any CPU
		{31DD5433-7E35-4740-81E8-793DB39C882B}.Release|Any CPU.ActiveCfg = Release|Any CPU
		{31DD5433-7E35-4740-81E8-793DB39C882B}.Release|Any CPU.Build.0 = Release|Any CPU
		{AED945C9-92DA-4517-A43F-284115C67C20}.Debug|Any CPU.ActiveCfg = Debug|Any CPU
		{AED945C9-92DA-4517-A43F-284115C67C20}.Debug|Any CPU.Build.0 = Debug|Any CPU
		{AED945C9-92DA-4517-A43F-284115C67C20}.Release|Any CPU.ActiveCfg = Release|Any CPU
		{AED945C9-92DA-4517-A43F-284115C67C20}.Release|Any CPU.Build.0 = Release|Any CPU
	EndGlobalSection
	GlobalSection(SolutionProperties) = preSolution
		HideSolutionNode = FALSE
	EndGlobalSection
	GlobalSection(ExtensibilityGlobals) = postSolution
		SolutionGuid = {2C362B84-6910-4FFD-AD49-9CBFE92F2789}
	EndGlobalSection
EndGlobal
